
Microsoft Visual Studio Solution File, Format Version 12.00
# Visual Studio Version 17
VisualStudioVersion = 17.0.31903.59
MinimumVisualStudioVersion = 10.0.40219.1
Project("{2150E333-8FDC-42A3-9474-1A3956D46DE8}") = "Atualizar", "Atualizar", "{B32F5084-5023-4431-9899-FBD7D5CFD178}"
EndProject
Project("{2150E333-8FDC-42A3-9474-1A3956D46DE8}") = "src", "src", "{AFEC852C-50A3-464A-8EC4-27AB1252F345}"
EndProject
Project("{9A19103F-16F7-4668-BE54-9A1E7A4F7556}") = "Atualizar", "Atualizar\src\Atualizar\Atualizar.csproj", "{A376DA87-A12C-47D2-84CF-5D59F339AD4B}"
EndProject
Project("{2150E333-8FDC-42A3-9474-1A3956D46DE8}") = "Cadastro", "Cadastro", "{64DBC265-E83C-43BA-86F6-93FA6724651A}"
EndProject
Project("{2150E333-8FDC-42A3-9474-1A3956D46DE8}") = "Remover", "Remover", "{BE0DE014-4B21-4397-8278-16B746266BD5}"
EndProject
Project("{2150E333-8FDC-42A3-9474-1A3956D46DE8}") = "Todos", "Todos", "{752CB1BA-8382-4F8F-9295-1EF49B280AC7}"
EndProject
Project("{2150E333-8FDC-42A3-9474-1A3956D46DE8}") = "src", "src", "{7D263B1D-7756-4745-A698-EB8CCE580D69}"
EndProject
Project("{9A19103F-16F7-4668-BE54-9A1E7A4F7556}") = "Cadastro", "Cadastro\src\Cadastro\Cadastro.csproj", "{475C1290-32BE-49F7-BE92-4794939D1687}"
EndProject
Project("{2150E333-8FDC-42A3-9474-1A3956D46DE8}") = "src", "src", "{5175119F-97CE-45D5-BD62-9CC151147AC4}"
EndProject
Project("{9A19103F-16F7-4668-BE54-9A1E7A4F7556}") = "Remover", "Remover\src\Remover\Remover.csproj", "{1EDD8773-CB6A-4526-8C69-DBB70BBEBA7A}"
EndProject
Project("{2150E333-8FDC-42A3-9474-1A3956D46DE8}") = "src", "src", "{2699659E-F461-4A26-A895-46041C8CB2D4}"
EndProject
Project("{9A19103F-16F7-4668-BE54-9A1E7A4F7556}") = "Todos", "Todos\src\Todos\Todos.csproj", "{C63CA43C-7EA0-457F-B473-39D205F6E49F}"
EndProject
Global
	GlobalSection(SolutionConfigurationPlatforms) = preSolution
		Debug|Any CPU = Debug|Any CPU
		Release|Any CPU = Release|Any CPU
	EndGlobalSection
	GlobalSection(ProjectConfigurationPlatforms) = postSolution
		{A376DA87-A12C-47D2-84CF-5D59F339AD4B}.Debug|Any CPU.ActiveCfg = Debug|Any CPU
		{A376DA87-A12C-47D2-84CF-5D59F339AD4B}.Debug|Any CPU.Build.0 = Debug|Any CPU
		{A376DA87-A12C-47D2-84CF-5D59F339AD4B}.Release|Any CPU.ActiveCfg = Release|Any CPU
		{A376DA87-A12C-47D2-84CF-5D59F339AD4B}.Release|Any CPU.Build.0 = Release|Any CPU
		{475C1290-32BE-49F7-BE92-4794939D1687}.Debug|Any CPU.ActiveCfg = Debug|Any CPU
		{475C1290-32BE-49F7-BE92-4794939D1687}.Debug|Any CPU.Build.0 = Debug|Any CPU
		{475C1290-32BE-49F7-BE92-4794939D1687}.Release|Any CPU.ActiveCfg = Release|Any CPU
		{475C1290-32BE-49F7-BE92-4794939D1687}.Release|Any CPU.Build.0 = Release|Any CPU
		{1EDD8773-CB6A-4526-8C69-DBB70BBEBA7A}.Debug|Any CPU.ActiveCfg = Debug|Any CPU
		{1EDD8773-CB6A-4526-8C69-DBB70BBEBA7A}.Debug|Any CPU.Build.0 = Debug|Any CPU
		{1EDD8773-CB6A-4526-8C69-DBB70BBEBA7A}.Release|Any CPU.ActiveCfg = Release|Any CPU
		{1EDD8773-CB6A-4526-8C69-DBB70BBEBA7A}.Release|Any CPU.Build.0 = Release|Any CPU
		{C63CA43C-7EA0-457F-B473-39D205F6E49F}.Debug|Any CPU.ActiveCfg = Debug|Any CPU
		{C63CA43C-7EA0-457F-B473-39D205F6E49F}.Debug|Any CPU.Build.0 = Debug|Any CPU
		{C63CA43C-7EA0-457F-B473-39D205F6E49F}.Release|Any CPU.ActiveCfg = Release|Any CPU
		{C63CA43C-7EA0-457F-B473-39D205F6E49F}.Release|Any CPU.Build.0 = Release|Any CPU
	EndGlobalSection
	GlobalSection(SolutionProperties) = preSolution
		HideSolutionNode = FALSE
	EndGlobalSection
	GlobalSection(NestedProjects) = preSolution
		{AFEC852C-50A3-464A-8EC4-27AB1252F345} = {B32F5084-5023-4431-9899-FBD7D5CFD178}
		{A376DA87-A12C-47D2-84CF-5D59F339AD4B} = {AFEC852C-50A3-464A-8EC4-27AB1252F345}
		{7D263B1D-7756-4745-A698-EB8CCE580D69} = {64DBC265-E83C-43BA-86F6-93FA6724651A}
		{475C1290-32BE-49F7-BE92-4794939D1687} = {7D263B1D-7756-4745-A698-EB8CCE580D69}
		{5175119F-97CE-45D5-BD62-9CC151147AC4} = {BE0DE014-4B21-4397-8278-16B746266BD5}
		{1EDD8773-CB6A-4526-8C69-DBB70BBEBA7A} = {5175119F-97CE-45D5-BD62-9CC151147AC4}
		{2699659E-F461-4A26-A895-46041C8CB2D4} = {752CB1BA-8382-4F8F-9295-1EF49B280AC7}
		{C63CA43C-7EA0-457F-B473-39D205F6E49F} = {2699659E-F461-4A26-A895-46041C8CB2D4}
	EndGlobalSection
	GlobalSection(ExtensibilityGlobals) = postSolution
		SolutionGuid = {AD079085-B2E5-4EF9-B8F2-CBF40518FC21}
	EndGlobalSection
EndGlobal
